{
  "originHash" : "c7b8a0bb2c0bb8589103ba0ae70ea242efdcfa15f38dabc5f8f6bc3ac18eb455",
  "pins" : [
    {
      "identity" : "swift-async-algorithms",
      "kind" : "remoteSourceControl",
      "location" : "https://github.com/apple/swift-async-algorithms.git",
      "state" : {
        "revision" : "6ae9a051f76b81cc668305ceed5b0e0a7fd93d20",
        "version" : "1.0.1"
      }
    },
    {
      "identity" : "swift-collections",
      "kind" : "remoteSourceControl",
      "location" : "https://github.com/apple/swift-collections.git",
      "state" : {
        "revision" : "3d2dc41a01f9e49d84f0a3925fb858bed64f702d",
        "version" : "1.1.2"
      }
    }
  ],
  "version" : 3
}
